
Microsoft Visual Studio Solution File, Format Version 11.00
# Visual Studio 2010
Project("{FAE04EC0-301F-11D3-BF4B-00C04F79EFBC}") = "NIEM.TermsEventHandler", "NIEM.TermsEventHandler\NIEM.TermsEventHandler.csproj", "{9E58CD40-4358-4445-9C77-BD59716735F2}"
EndProject
Global
	GlobalSection(SolutionConfigurationPlatforms) = preSolution
		Debug|Any CPU = Debug|Any CPU
		Release|Any CPU = Release|Any CPU
	EndGlobalSection
	GlobalSection(ProjectConfigurationPlatforms) = postSolution
		{9E58CD40-4358-4445-9C77-BD59716735F2}.Debug|Any CPU.ActiveCfg = Debug|Any CPU
		{9E58CD40-4358-4445-9C77-BD59716735F2}.Debug|Any CPU.Build.0 = Debug|Any CPU
		{9E58CD40-4358-4445-9C77-BD59716735F2}.Debug|Any CPU.Deploy.0 = Debug|Any CPU
		{9E58CD40-4358-4445-9C77-BD59716735F2}.Release|Any CPU.ActiveCfg = Release|Any CPU
		{9E58CD40-4358-4445-9C77-BD59716735F2}.Release|Any CPU.Build.0 = Release|Any CPU
		{9E58CD40-4358-4445-9C77-BD59716735F2}.Release|Any CPU.Deploy.0 = Release|Any CPU
	EndGlobalSection
	GlobalSection(SolutionProperties) = preSolution
		HideSolutionNode = FALSE
	EndGlobalSection
EndGlobal
